
Microsoft Visual Studio Solution File, Format Version 12.00
# Visual Studio Version 17
VisualStudioVersion = 17.4.33213.308
MinimumVisualStudioVersion = 10.0.40219.1
Project("{9A19103F-16F7-4668-BE54-9A1E7A4F7556}") = "AutoMarket", "AutoMarket\AutoMarket.csproj", "{40ED9841-C856-4EAD-8014-6A195F7E9716}"
EndProject
Project("{2150E333-8FDC-42A3-9474-1A3956D46DE8}") = "Domain", "Domain", "{3FCE3AE5-29E1-4BBF-8B9C-D46EBDDE956C}"
EndProject
Project("{9A19103F-16F7-4668-BE54-9A1E7A4F7556}") = "AutoMarket.Domain", "AutoMarket.Domain\AutoMarket.Domain.csproj", "{12835B9B-3891-45F0-AC7F-AF259E6F5B88}"
EndProject
Project("{2150E333-8FDC-42A3-9474-1A3956D46DE8}") = "DAL", "DAL", "{5DA11F93-3017-40CA-AD5E-69B58B00C0CD}"
EndProject
Project("{FAE04EC0-301F-11D3-BF4B-00C04F79EFBC}") = "AutoMarket.DAL", "AutoMarket.DAL\AutoMarket.DAL.csproj", "{188023E7-2519-422A-9DD9-28BC86A18DA3}"
EndProject
Global
	GlobalSection(SolutionConfigurationPlatforms) = preSolution
		Debug|Any CPU = Debug|Any CPU
		Release|Any CPU = Release|Any CPU
	EndGlobalSection
	GlobalSection(ProjectConfigurationPlatforms) = postSolution
		{40ED9841-C856-4EAD-8014-6A195F7E9716}.Debug|Any CPU.ActiveCfg = Debug|Any CPU
		{40ED9841-C856-4EAD-8014-6A195F7E9716}.Debug|Any CPU.Build.0 = Debug|Any CPU
		{40ED9841-C856-4EAD-8014-6A195F7E9716}.Release|Any CPU.ActiveCfg = Release|Any CPU
		{40ED9841-C856-4EAD-8014-6A195F7E9716}.Release|Any CPU.Build.0 = Release|Any CPU
		{12835B9B-3891-45F0-AC7F-AF259E6F5B88}.Debug|Any CPU.ActiveCfg = Debug|Any CPU
		{12835B9B-3891-45F0-AC7F-AF259E6F5B88}.Debug|Any CPU.Build.0 = Debug|Any CPU
		{12835B9B-3891-45F0-AC7F-AF259E6F5B88}.Release|Any CPU.ActiveCfg = Release|Any CPU
		{12835B9B-3891-45F0-AC7F-AF259E6F5B88}.Release|Any CPU.Build.0 = Release|Any CPU
		{188023E7-2519-422A-9DD9-28BC86A18DA3}.Debug|Any CPU.ActiveCfg = Debug|Any CPU
		{188023E7-2519-422A-9DD9-28BC86A18DA3}.Debug|Any CPU.Build.0 = Debug|Any CPU
		{188023E7-2519-422A-9DD9-28BC86A18DA3}.Release|Any CPU.ActiveCfg = Release|Any CPU
		{188023E7-2519-422A-9DD9-28BC86A18DA3}.Release|Any CPU.Build.0 = Release|Any CPU
	EndGlobalSection
	GlobalSection(SolutionProperties) = preSolution
		HideSolutionNode = FALSE
	EndGlobalSection
	GlobalSection(NestedProjects) = preSolution
		{12835B9B-3891-45F0-AC7F-AF259E6F5B88} = {3FCE3AE5-29E1-4BBF-8B9C-D46EBDDE956C}
		{188023E7-2519-422A-9DD9-28BC86A18DA3} = {5DA11F93-3017-40CA-AD5E-69B58B00C0CD}
	EndGlobalSection
	GlobalSection(ExtensibilityGlobals) = postSolution
		SolutionGuid = {BF5D7875-A5F4-4880-86DE-BA2A60D29FA6}
	EndGlobalSection
EndGlobal
